
Microsoft Visual Studio Solution File, Format Version 12.00
# Visual Studio Version 17
VisualStudioVersion = 17.9.34616.47
MinimumVisualStudioVersion = 10.0.40219.1
Project("{8BC9CEB8-8B4A-11D0-8D11-00A0C91BC942}") = "proj3", "proj3\proj3.vcxproj", "{6CFB1B8A-89EA-4801-B842-6D632DA4ED4A}"
EndProject
Global
	GlobalSection(SolutionConfigurationPlatforms) = preSolution
		Debug|x64 = Debug|x64
		Debug|x86 = Debug|x86
		Release|x64 = Release|x64
		Release|x86 = Release|x86
	EndGlobalSection
	GlobalSection(ProjectConfigurationPlatforms) = postSolution
		{6CFB1B8A-89EA-4801-B842-6D632DA4ED4A}.Debug|x64.ActiveCfg = Debug|x64
		{6CFB1B8A-89EA-4801-B842-6D632DA4ED4A}.Debug|x64.Build.0 = Debug|x64
		{6CFB1B8A-89EA-4801-B842-6D632DA4ED4A}.Debug|x86.ActiveCfg = Debug|Win32
		{6CFB1B8A-89EA-4801-B842-6D632DA4ED4A}.Debug|x86.Build.0 = Debug|Win32
		{6CFB1B8A-89EA-4801-B842-6D632DA4ED4A}.Release|x64.ActiveCfg = Release|x64
		{6CFB1B8A-89EA-4801-B842-6D632DA4ED4A}.Release|x64.Build.0 = Release|x64
		{6CFB1B8A-89EA-4801-B842-6D632DA4ED4A}.Release|x86.ActiveCfg = Release|Win32
		{6CFB1B8A-89EA-4801-B842-6D632DA4ED4A}.Release|x86.Build.0 = Release|Win32
	EndGlobalSection
	GlobalSection(SolutionProperties) = preSolution
		HideSolutionNode = FALSE
	EndGlobalSection
	GlobalSection(ExtensibilityGlobals) = postSolution
		SolutionGuid = {D45CAF07-8024-4BA4-8CD2-287CFF94CAF3}
	EndGlobalSection
EndGlobal
